# @generated - this file is auto-generated by `mise lock` https://mise.jdx.dev/dev-tools/mise-lock.html

[[tools."aqua:LuaLS/lua-language-server"]]
version = "3.18.1"
backend = "aqua:LuaLS/lua-language-server"

[tools."aqua:LuaLS/lua-language-server"."platforms.linux-arm64"]
checksum = "sha256:7ee5d247c7e4eb61afcdc714760eeb2a1e8b31941d686d438cc1e28f76228c5e"
url = "https://github.com/LuaLS/lua-language-server/releases/download/3.18.1/lua-language-server-3.18.1-linux-arm64.tar.gz"

[tools."aqua:LuaLS/lua-language-server"."platforms.linux-arm64-musl"]
checksum = "sha256:7ee5d247c7e4eb61afcdc714760eeb2a1e8b31941d686d438cc1e28f76228c5e"
url = "https://github.com/LuaLS/lua-language-server/releases/download/3.18.1/lua-language-server-3.18.1-linux-arm64.tar.gz"

[tools."aqua:LuaLS/lua-language-server"."platforms.linux-x64"]
checksum = "sha256:0c4a8a2b085df2e5cb56f075867eebe643c09d6fd3d998c70f9c3b7ab93f29dd"
url = "https://github.com/LuaLS/lua-language-server/releases/download/3.18.1/lua-language-server-3.18.1-linux-x64.tar.gz"

[tools."aqua:LuaLS/lua-language-server"."platforms.linux-x64-musl"]
checksum = "sha256:0c4a8a2b085df2e5cb56f075867eebe643c09d6fd3d998c70f9c3b7ab93f29dd"
url = "https://github.com/LuaLS/lua-language-server/releases/download/3.18.1/lua-language-server-3.18.1-linux-x64.tar.gz"

[tools."aqua:LuaLS/lua-language-server"."platforms.macos-arm64"]
checksum = "sha256:ed4f00e24e07a142886460786dced32a682c2d2bce3e0d1eabeb3c27443d2adc"
url = "https://github.com/LuaLS/lua-language-server/releases/download/3.18.1/lua-language-server-3.18.1-darwin-arm64.tar.gz"

[tools."aqua:LuaLS/lua-language-server"."platforms.macos-x64"]
checksum = "sha256:2d253439f6d3765e66ede9c643eca3577b8db7bc931560388a05a6de92f5c259"
url = "https://github.com/LuaLS/lua-language-server/releases/download/3.18.1/lua-language-server-3.18.1-darwin-x64.tar.gz"

[tools."aqua:LuaLS/lua-language-server"."platforms.windows-x64"]
checksum = "sha256:0b0c4ac671629269b847e13239b70ac7271a562e0253c789f590c8a8985addea"
url = "https://github.com/LuaLS/lua-language-server/releases/download/3.18.1/lua-language-server-3.18.1-win32-x64.zip"

[[tools.bun]]
version = "1.3.12"
backend = "core:bun"

[tools.bun."platforms.linux-arm64"]
url = "https://github.com/oven-sh/bun/releases/download/bun-v1.3.12/bun-linux-aarch64.zip"

[tools.bun."platforms.linux-arm64-musl"]
url = "https://github.com/oven-sh/bun/releases/download/bun-v1.3.12/bun-linux-aarch64-musl.zip"

[tools.bun."platforms.linux-x64"]
url = "https://github.com/oven-sh/bun/releases/download/bun-v1.3.12/bun-linux-x64.zip"

[tools.bun."platforms.linux-x64-baseline"]
url = "https://github.com/oven-sh/bun/releases/download/bun-v1.3.12/bun-linux-x64-baseline.zip"

[tools.bun."platforms.linux-x64-musl"]
url = "https://github.com/oven-sh/bun/releases/download/bun-v1.3.12/bun-linux-x64-musl.zip"

[tools.bun."platforms.linux-x64-musl-baseline"]
url = "https://github.com/oven-sh/bun/releases/download/bun-v1.3.12/bun-linux-x64-musl-baseline.zip"

[tools.bun."platforms.macos-arm64"]
url = "https://github.com/oven-sh/bun/releases/download/bun-v1.3.12/bun-darwin-aarch64.zip"

[tools.bun."platforms.macos-x64"]
url = "https://github.com/oven-sh/bun/releases/download/bun-v1.3.12/bun-darwin-x64.zip"

[tools.bun."platforms.macos-x64-baseline"]
url = "https://github.com/oven-sh/bun/releases/download/bun-v1.3.12/bun-darwin-x64-baseline.zip"

[tools.bun."platforms.windows-x64"]
url = "https://github.com/oven-sh/bun/releases/download/bun-v1.3.12/bun-windows-x64.zip"

[tools.bun."platforms.windows-x64-baseline"]
url = "https://github.com/oven-sh/bun/releases/download/bun-v1.3.12/bun-windows-x64-baseline.zip"

[[tools.fx]]
version = "39.2.0"
backend = "aqua:antonmedv/fx"

[[tools."github:JohnnyMorganz/StyLua"]]
version = "2.4.1"
backend = "github:JohnnyMorganz/StyLua"

[tools."github:JohnnyMorganz/StyLua"."platforms.linux-arm64"]
checksum = "sha256:ce8363cf77fb88f31e5cd8fe4cd8a61ff63ac0483bc5e38a1e24c5a894f04035"
url = "https://github.com/JohnnyMorganz/StyLua/releases/download/v2.4.1/stylua-linux-aarch64.zip"
url_api = "https://api.github.com/repos/JohnnyMorganz/StyLua/releases/assets/390062712"

[tools."github:JohnnyMorganz/StyLua"."platforms.linux-arm64-musl"]
checksum = "sha256:f007809cb4d2b3c23abfecc061a276a19e4f74484239d1ed297be8eb6a11a86f"
url = "https://github.com/JohnnyMorganz/StyLua/releases/download/v2.4.1/stylua-linux-aarch64-musl.zip"
url_api = "https://api.github.com/repos/JohnnyMorganz/StyLua/releases/assets/390062794"

[tools."github:JohnnyMorganz/StyLua"."platforms.linux-x64"]
checksum = "sha256:a879ee45a2e1ab7d7fe80ae98e5e019349c70c9b3f1b92ad584b38cda1bb68fa"
url = "https://github.com/JohnnyMorganz/StyLua/releases/download/v2.4.1/stylua-linux-x86_64.zip"
url_api = "https://api.github.com/repos/JohnnyMorganz/StyLua/releases/assets/390062754"

[tools."github:JohnnyMorganz/StyLua"."platforms.linux-x64-musl"]
checksum = "sha256:cb9280d967a3f83e443b354a6497b562de4acc1daccf4456df0f7232653d3843"
url = "https://github.com/JohnnyMorganz/StyLua/releases/download/v2.4.1/stylua-linux-x86_64-musl.zip"
url_api = "https://api.github.com/repos/JohnnyMorganz/StyLua/releases/assets/390062916"

[tools."github:JohnnyMorganz/StyLua"."platforms.macos-arm64"]
checksum = "sha256:c1680c337c8d799b4226a10e8ac6744606fd00b01eb3046120b5226e31306809"
url = "https://github.com/JohnnyMorganz/StyLua/releases/download/v2.4.1/stylua-macos-aarch64.zip"
url_api = "https://api.github.com/repos/JohnnyMorganz/StyLua/releases/assets/390062848"

[tools."github:JohnnyMorganz/StyLua"."platforms.macos-x64"]
checksum = "sha256:985dc2c791ef5f0bfbaea99f18b01322613f5c6985979a8346c346a341043331"
url = "https://github.com/JohnnyMorganz/StyLua/releases/download/v2.4.1/stylua-macos-x86_64.zip"
url_api = "https://api.github.com/repos/JohnnyMorganz/StyLua/releases/assets/390062735"

[tools."github:JohnnyMorganz/StyLua"."platforms.windows-x64"]
checksum = "sha256:9b1627b6034aa7ea0ce80485d2a07e777447548839a40acda6e30824a2bba07a"
url = "https://github.com/JohnnyMorganz/StyLua/releases/download/v2.4.1/stylua-windows-x86_64.zip"
url_api = "https://api.github.com/repos/JohnnyMorganz/StyLua/releases/assets/390064045"

[[tools."github:TomWright/dasel"]]
version = "3.4.1"
backend = "github:TomWright/dasel"

[[tools."github:artempyanykh/marksman"]]
version = "2026-02-08"
backend = "github:artempyanykh/marksman"

[[tools."github:biomejs/biome"]]
version = "@biomejs/biome@2.4.11"
backend = "github:biomejs/biome"

[tools."github:biomejs/biome"."platforms.linux-arm64"]
checksum = "sha256:80619897f3d0ca35e7b17413ea17f7bbaadf36393b7afdf64e66b0a52dd21991"
url = "https://github.com/biomejs/biome/releases/download/%40biomejs/biome%402.4.11/biome-linux-arm64"
url_api = "https://api.github.com/repos/biomejs/biome/releases/assets/392528457"
provenance = "github-attestations"

[tools."github:biomejs/biome"."platforms.linux-arm64-musl"]
checksum = "sha256:f58e2abd4fa737b90d1d9a4f2a3e87af1583df064b9ec14a10b34f4f34f61d88"
url = "https://github.com/biomejs/biome/releases/download/%40biomejs/biome%402.4.11/biome-linux-arm64-musl"
url_api = "https://api.github.com/repos/biomejs/biome/releases/assets/392528454"
provenance = "github-attestations"

[tools."github:biomejs/biome"."platforms.linux-x64"]
checksum = "sha256:e96cb8bc743df1fbd3ecaa2f18c1dd1a7d33ff73859e65a646a7d3808c837dd5"
url = "https://github.com/biomejs/biome/releases/download/%40biomejs/biome%402.4.11/biome-linux-x64"
url_api = "https://api.github.com/repos/biomejs/biome/releases/assets/392528458"
provenance = "github-attestations"

[tools."github:biomejs/biome"."platforms.linux-x64-musl"]
checksum = "sha256:f10d041ae17c8d4d659950941fec862dc342945ab3af811e3e90bd93770c08e6"
url = "https://github.com/biomejs/biome/releases/download/%40biomejs/biome%402.4.11/biome-linux-x64-musl"
url_api = "https://api.github.com/repos/biomejs/biome/releases/assets/392528456"
provenance = "github-attestations"

[tools."github:biomejs/biome"."platforms.macos-arm64"]
checksum = "sha256:9de8fa513c170b33933f397e4906eb4f8af21890aa5f36a36db22df3d9ed1978"
url = "https://github.com/biomejs/biome/releases/download/%40biomejs/biome%402.4.11/biome-darwin-arm64"
url_api = "https://api.github.com/repos/biomejs/biome/releases/assets/392528460"

[tools."github:biomejs/biome"."platforms.macos-x64"]
checksum = "sha256:9069156955cfd53efc273cfcd4ece85a7af2ed715d20a8717a63bde3e05b5a40"
url = "https://github.com/biomejs/biome/releases/download/%40biomejs/biome%402.4.11/biome-darwin-x64"
url_api = "https://api.github.com/repos/biomejs/biome/releases/assets/392528453"
provenance = "github-attestations"

[tools."github:biomejs/biome"."platforms.windows-x64"]
checksum = "sha256:6c626fdf119215234cbe51455b07995eb67b24ada85819d9273a02b7c6770fbd"
url = "https://github.com/biomejs/biome/releases/download/%40biomejs/biome%402.4.11/biome-win32-x64.exe"
url_api = "https://api.github.com/repos/biomejs/biome/releases/assets/392528455"
provenance = "github-attestations"

[[tools."github:biomejs/biome"]]
version = "@biomejs-biome@2.4.11"
backend = "github:biomejs/biome"

[[tools."github:crate-ci/typos"]]
version = "1.45.1"
backend = "github:crate-ci/typos"

[tools."github:crate-ci/typos"."platforms.linux-arm64"]
checksum = "sha256:0d3688c607a49ffb6dedaca6de44e4217abeaa5b93228d673dc5caf76f60489f"
url = "https://github.com/crate-ci/typos/releases/download/v1.45.1/typos-v1.45.1-aarch64-unknown-linux-musl.tar.gz"
url_api = "https://api.github.com/repos/crate-ci/typos/releases/assets/395482602"

[tools."github:crate-ci/typos"."platforms.linux-arm64-musl"]
checksum = "sha256:0d3688c607a49ffb6dedaca6de44e4217abeaa5b93228d673dc5caf76f60489f"
url = "https://github.com/crate-ci/typos/releases/download/v1.45.1/typos-v1.45.1-aarch64-unknown-linux-musl.tar.gz"
url_api = "https://api.github.com/repos/crate-ci/typos/releases/assets/395482602"

[tools."github:crate-ci/typos"."platforms.linux-x64"]
checksum = "sha256:33447531a0eff29796d6fb9b555b4628723db72c6bad129e168d97ac86ceb0f1"
url = "https://github.com/crate-ci/typos/releases/download/v1.45.1/typos-v1.45.1-x86_64-unknown-linux-musl.tar.gz"
url_api = "https://api.github.com/repos/crate-ci/typos/releases/assets/395483034"

[tools."github:crate-ci/typos"."platforms.linux-x64-musl"]
checksum = "sha256:33447531a0eff29796d6fb9b555b4628723db72c6bad129e168d97ac86ceb0f1"
url = "https://github.com/crate-ci/typos/releases/download/v1.45.1/typos-v1.45.1-x86_64-unknown-linux-musl.tar.gz"
url_api = "https://api.github.com/repos/crate-ci/typos/releases/assets/395483034"

[tools."github:crate-ci/typos"."platforms.macos-arm64"]
checksum = "sha256:2c31ed16286f26c08ae477faf001af8542ff23aeb6e7323be5f620710c192fb5"
url = "https://github.com/crate-ci/typos/releases/download/v1.45.1/typos-v1.45.1-aarch64-apple-darwin.tar.gz"
url_api = "https://api.github.com/repos/crate-ci/typos/releases/assets/395483516"

[tools."github:crate-ci/typos"."platforms.macos-x64"]
checksum = "sha256:70767b5d8d920cbb17b452a6b068e36e1b3fd649089bce883d3512eb85990326"
url = "https://github.com/crate-ci/typos/releases/download/v1.45.1/typos-v1.45.1-x86_64-apple-darwin.tar.gz"
url_api = "https://api.github.com/repos/crate-ci/typos/releases/assets/395483808"

[tools."github:crate-ci/typos"."platforms.windows-x64"]
checksum = "sha256:a4ae081cb7a403f2b75e8c066aa4a4484207547c4e9eb2b4df3f68ecdbc5dd3e"
url = "https://github.com/crate-ci/typos/releases/download/v1.45.1/typos-v1.45.1-x86_64-pc-windows-msvc.zip"
url_api = "https://api.github.com/repos/crate-ci/typos/releases/assets/395483120"

[[tools."github:evilmartians/lefthook"]]
version = "2.1.5"
backend = "github:evilmartians/lefthook"

[[tools."github:go-swagger/go-swagger"]]
version = "0.33.2"
backend = "github:go-swagger/go-swagger"

[tools."github:go-swagger/go-swagger"."platforms.linux-arm64"]
checksum = "sha256:4a0f3a471bee19b4590fe0cd55a88f127132558a89be5bd42549a5c6dbd517d2"
url = "https://github.com/go-swagger/go-swagger/releases/download/v0.33.2/swagger_0.33.2_Linux_arm64.tar.gz"
url_api = "https://api.github.com/repos/go-swagger/go-swagger/releases/assets/374542835"

[tools."github:go-swagger/go-swagger"."platforms.linux-arm64-musl"]
checksum = "sha256:4a0f3a471bee19b4590fe0cd55a88f127132558a89be5bd42549a5c6dbd517d2"
url = "https://github.com/go-swagger/go-swagger/releases/download/v0.33.2/swagger_0.33.2_Linux_arm64.tar.gz"
url_api = "https://api.github.com/repos/go-swagger/go-swagger/releases/assets/374542835"

[tools."github:go-swagger/go-swagger"."platforms.linux-x64"]
checksum = "sha256:66b7c068d7ecd50e973fb20e123161eec98134aa25a46ab96df0ad679d9b16e9"
url = "https://github.com/go-swagger/go-swagger/releases/download/v0.33.2/swagger_0.33.2_Linux_x86_64.tar.gz"
url_api = "https://api.github.com/repos/go-swagger/go-swagger/releases/assets/374542832"

[tools."github:go-swagger/go-swagger"."platforms.linux-x64-musl"]
checksum = "sha256:66b7c068d7ecd50e973fb20e123161eec98134aa25a46ab96df0ad679d9b16e9"
url = "https://github.com/go-swagger/go-swagger/releases/download/v0.33.2/swagger_0.33.2_Linux_x86_64.tar.gz"
url_api = "https://api.github.com/repos/go-swagger/go-swagger/releases/assets/374542832"

[tools."github:go-swagger/go-swagger"."platforms.macos-arm64"]
checksum = "sha256:0c43816a8f6939bb4f2816b3295ae48f5a014c8468d359406fec7c6c03a1e83b"
url = "https://github.com/go-swagger/go-swagger/releases/download/v0.33.2/swagger_0.33.2_Darwin_arm64.tar.gz"
url_api = "https://api.github.com/repos/go-swagger/go-swagger/releases/assets/374542857"

[tools."github:go-swagger/go-swagger"."platforms.macos-x64"]
checksum = "sha256:acacd8fae78b80b9a4ffc316d236f46fc75c86e14b3fa5235ed793aac9e3464c"
url = "https://github.com/go-swagger/go-swagger/releases/download/v0.33.2/swagger_0.33.2_Darwin_x86_64.tar.gz"
url_api = "https://api.github.com/repos/go-swagger/go-swagger/releases/assets/374542903"

[tools."github:go-swagger/go-swagger"."platforms.windows-x64"]
checksum = "sha256:f043f99d843a3127a3c7837431fe7ccbd64cfe24f48ecbcf9eed35d3d2f84bb2"
url = "https://github.com/go-swagger/go-swagger/releases/download/v0.33.2/swagger_0.33.2_Windows_x86_64.zip"
url_api = "https://api.github.com/repos/go-swagger/go-swagger/releases/assets/374542836"

[[tools."github:jqlang/jq"]]
version = "jq-1.8.1"
backend = "github:jqlang/jq"

[[tools."github:mikefarah/yq"]]
version = "4.52.5"
backend = "github:mikefarah/yq"

[[tools."github:rust-lang/rust-analyzer"]]
version = "2026-04-13"
backend = "github:rust-lang/rust-analyzer"

[tools."github:rust-lang/rust-analyzer"."platforms.linux-arm64"]
checksum = "sha256:5b74525bb9de86f48861ecba254e2f3a0acc398761cd38f3a345c8be02e453d2"
url = "https://github.com/rust-lang/rust-analyzer/releases/download/2026-04-13/rust-analyzer-aarch64-unknown-linux-gnu.gz"
url_api = "https://api.github.com/repos/rust-lang/rust-analyzer/releases/assets/395193757"

[tools."github:rust-lang/rust-analyzer"."platforms.linux-arm64-musl"]
checksum = "sha256:5b74525bb9de86f48861ecba254e2f3a0acc398761cd38f3a345c8be02e453d2"
url = "https://github.com/rust-lang/rust-analyzer/releases/download/2026-04-13/rust-analyzer-aarch64-unknown-linux-gnu.gz"
url_api = "https://api.github.com/repos/rust-lang/rust-analyzer/releases/assets/395193757"

[tools."github:rust-lang/rust-analyzer"."platforms.linux-x64"]
checksum = "sha256:4b5ce83e9e9d7dd8bcfe2990321b71e7ce0f30ee8271f5f24b838e919e95194c"
url = "https://github.com/rust-lang/rust-analyzer/releases/download/2026-04-13/rust-analyzer-x86_64-unknown-linux-gnu.gz"
url_api = "https://api.github.com/repos/rust-lang/rust-analyzer/releases/assets/395193902"

[tools."github:rust-lang/rust-analyzer"."platforms.linux-x64-musl"]
checksum = "sha256:2c66578d50b47f7bb81af16edb1e7f88f93aeba24935eace7ba72794090ef2ff"
url = "https://github.com/rust-lang/rust-analyzer/releases/download/2026-04-13/rust-analyzer-x86_64-unknown-linux-musl.gz"
url_api = "https://api.github.com/repos/rust-lang/rust-analyzer/releases/assets/395193916"

[tools."github:rust-lang/rust-analyzer"."platforms.macos-arm64"]
checksum = "sha256:6582dc2f3c8415fe3d374137f554f1d4820d7e77dd201894fdcb7f8938a7f72a"
url = "https://github.com/rust-lang/rust-analyzer/releases/download/2026-04-13/rust-analyzer-aarch64-apple-darwin.gz"
url_api = "https://api.github.com/repos/rust-lang/rust-analyzer/releases/assets/395193735"

[tools."github:rust-lang/rust-analyzer"."platforms.macos-x64"]
checksum = "sha256:79062397cdd377aa544ec422f0be236fb7aea6ab3c71f66bf483ddb97ade3b57"
url = "https://github.com/rust-lang/rust-analyzer/releases/download/2026-04-13/rust-analyzer-x86_64-apple-darwin.gz"
url_api = "https://api.github.com/repos/rust-lang/rust-analyzer/releases/assets/395193879"

[tools."github:rust-lang/rust-analyzer"."platforms.windows-x64"]
checksum = "sha256:7ee75370c896bb2faed71f3ad1bb15708957fcc43a338177e6cba38d3f0b99f6"
url = "https://github.com/rust-lang/rust-analyzer/releases/download/2026-04-13/rust-analyzer-x86_64-pc-windows-msvc.zip"
url_api = "https://api.github.com/repos/rust-lang/rust-analyzer/releases/assets/395193884"

[[tools."github:tamasfe/taplo"]]
version = "0.10.0"
backend = "github:tamasfe/taplo"

[[tools."github:tekumara/typos-lsp"]]
version = "0.1.51"
backend = "github:tekumara/typos-lsp"

[[tools.go]]
version = "1.25.4"
backend = "core:go"

[tools.go."platforms.linux-arm64"]
checksum = "sha256:a68e86d4b72c2c2fecf7dfed667680b6c2a071221bbdb6913cf83ce3f80d9ff0"
url = "https://dl.google.com/go/go1.25.4.linux-arm64.tar.gz"

[tools.go."platforms.linux-arm64-musl"]
checksum = "sha256:a68e86d4b72c2c2fecf7dfed667680b6c2a071221bbdb6913cf83ce3f80d9ff0"
url = "https://dl.google.com/go/go1.25.4.linux-arm64.tar.gz"

[tools.go."platforms.linux-x64"]
checksum = "sha256:9fa5ffeda4170de60f67f3aa0f824e426421ba724c21e133c1e35d6159ca1bec"
url = "https://dl.google.com/go/go1.25.4.linux-amd64.tar.gz"

[tools.go."platforms.linux-x64-musl"]
checksum = "sha256:9fa5ffeda4170de60f67f3aa0f824e426421ba724c21e133c1e35d6159ca1bec"
url = "https://dl.google.com/go/go1.25.4.linux-amd64.tar.gz"

[tools.go."platforms.macos-arm64"]
checksum = "sha256:c1b04e74251fe1dfbc5382e73d0c6d96f49642d8aebb7ee10a7ecd4cae36ebd2"
url = "https://dl.google.com/go/go1.25.4.darwin-arm64.tar.gz"

[tools.go."platforms.macos-x64"]
checksum = "sha256:33ba03ff9973f5bd26d516eea35328832a9525ecc4d169b15937ffe2ce66a7d8"
url = "https://dl.google.com/go/go1.25.4.darwin-amd64.tar.gz"

[tools.go."platforms.windows-x64"]
checksum = "sha256:6dad204d42719795f22067553b2b042c0e710b32c5a00f6c67892865167fdfd0"
url = "https://dl.google.com/go/go1.25.4.windows-amd64.zip"

[[tools."go:github.com/go-delve/delve/cmd/dlv"]]
version = "1.26.1"
backend = "go:github.com/go-delve/delve/cmd/dlv"

[[tools."go:github.com/tidwall/jj/cmd/jj"]]
version = "1.9.2"
backend = "go:github.com/tidwall/jj/cmd/jj"

[[tools."go:golang.org/x/tools/cmd/goimports"]]
version = "latest"
backend = "go:golang.org/x/tools/cmd/goimports"

[[tools."go:golang.org/x/tools/gopls"]]
version = "0.21.1"
backend = "go:golang.org/x/tools/gopls"

[[tools."go:golang.org/x/vuln/cmd/govulncheck"]]
version = "latest"
backend = "go:golang.org/x/vuln/cmd/govulncheck"

[[tools."go:golang.org/x/vuln/cmd/govulncheck"]]
version = "1.2.0"
backend = "go:golang.org/x/vuln/cmd/govulncheck"

[[tools."go:mvdan.cc/gofumpt"]]
version = "0.9.2"
backend = "go:mvdan.cc/gofumpt"

[[tools.golangci-lint]]
version = "2.11.4"
backend = "aqua:golangci/golangci-lint"

[tools.golangci-lint."platforms.linux-arm64"]
checksum = "sha256:3bcfa2e6f3d32b2bf5cd75eaa876447507025e0303698633f722a05331988db4"
url = "https://github.com/golangci/golangci-lint/releases/download/v2.11.4/golangci-lint-2.11.4-linux-arm64.tar.gz"
provenance = "github-attestations"

[tools.golangci-lint."platforms.linux-arm64-musl"]
checksum = "sha256:3bcfa2e6f3d32b2bf5cd75eaa876447507025e0303698633f722a05331988db4"
url = "https://github.com/golangci/golangci-lint/releases/download/v2.11.4/golangci-lint-2.11.4-linux-arm64.tar.gz"
provenance = "github-attestations"

[tools.golangci-lint."platforms.linux-x64"]
checksum = "sha256:200c5b7503f67b59a6743ccf32133026c174e272b930ee79aa2aa6f37aca7ef1"
url = "https://github.com/golangci/golangci-lint/releases/download/v2.11.4/golangci-lint-2.11.4-linux-amd64.tar.gz"
provenance = "github-attestations"

[tools.golangci-lint."platforms.linux-x64-musl"]
checksum = "sha256:200c5b7503f67b59a6743ccf32133026c174e272b930ee79aa2aa6f37aca7ef1"
url = "https://github.com/golangci/golangci-lint/releases/download/v2.11.4/golangci-lint-2.11.4-linux-amd64.tar.gz"
provenance = "github-attestations"

[tools.golangci-lint."platforms.macos-arm64"]
checksum = "sha256:02db2a2dae8b26812e53b0688a6f617e3ef1f489790e829ea22862cf76945675"
url = "https://github.com/golangci/golangci-lint/releases/download/v2.11.4/golangci-lint-2.11.4-darwin-arm64.tar.gz"
provenance = "github-attestations"

[tools.golangci-lint."platforms.macos-x64"]
checksum = "sha256:c900d4048db75d1edfd550fd11cf6a9b3008e7caa8e119fcddbc700412d63e60"
url = "https://github.com/golangci/golangci-lint/releases/download/v2.11.4/golangci-lint-2.11.4-darwin-amd64.tar.gz"
provenance = "github-attestations"

[tools.golangci-lint."platforms.windows-x64"]
checksum = "sha256:4932cfca5e75bf60fe1c576edf459e5e809e6644664a068185d64b84af3fad9e"
url = "https://github.com/golangci/golangci-lint/releases/download/v2.11.4/golangci-lint-2.11.4-windows-amd64.zip"
provenance = "github-attestations"

[[tools.gomplate]]
version = "5.0.0"
backend = "aqua:hairyhenderson/gomplate"

[[tools.hurl]]
version = "7.1.0"
backend = "aqua:Orange-OpenSource/hurl"

[[tools.k6]]
version = "1.7.1"
backend = "aqua:grafana/k6"

[[tools.node]]
version = "24.14.1"
backend = "core:node"

[tools.node."platforms.linux-arm64"]
checksum = "sha256:734ff04fa7f8ed2e8a78d40cacf5ac3fc4515dac2858757cbab313eb483ba8a2"
url = "https://nodejs.org/dist/v24.14.1/node-v24.14.1-linux-arm64.tar.gz"

[tools.node."platforms.linux-arm64-musl"]
checksum = "sha256:734ff04fa7f8ed2e8a78d40cacf5ac3fc4515dac2858757cbab313eb483ba8a2"
url = "https://nodejs.org/dist/v24.14.1/node-v24.14.1-linux-arm64.tar.gz"

[tools.node."platforms.linux-x64"]
checksum = "sha256:ace9fa104992ed0829642629c46ca7bd7fd6e76278cb96c958c4b387d29658ea"
url = "https://nodejs.org/dist/v24.14.1/node-v24.14.1-linux-x64.tar.gz"

[tools.node."platforms.linux-x64-musl"]
checksum = "sha256:ace9fa104992ed0829642629c46ca7bd7fd6e76278cb96c958c4b387d29658ea"
url = "https://nodejs.org/dist/v24.14.1/node-v24.14.1-linux-x64.tar.gz"

[tools.node."platforms.macos-arm64"]
checksum = "sha256:25495ff85bd89e2d8a24d88566d7e2f827c6b0d3d872b2cebf75371f93fcb1fe"
url = "https://nodejs.org/dist/v24.14.1/node-v24.14.1-darwin-arm64.tar.gz"

[tools.node."platforms.macos-x64"]
checksum = "sha256:2526230ad7d922be82d4fdb1e7ee1e84303e133e3b4b0ec4c2897ab31de0253d"
url = "https://nodejs.org/dist/v24.14.1/node-v24.14.1-darwin-x64.tar.gz"

[tools.node."platforms.windows-x64"]
checksum = "sha256:6e50ce5498c0cebc20fd39ab3ff5df836ed2f8a31aa093cecad8497cff126d70"
url = "https://nodejs.org/dist/v24.14.1/node-v24.14.1-win-x64.zip"

[[tools."npm:@vtsls/language-server"]]
version = "0.3.0"
backend = "npm:@vtsls/language-server"

[[tools."npm:bash-language-server"]]
version = "5.6.0"
backend = "npm:bash-language-server"

[[tools."npm:markdown-toc"]]
version = "1.2.0"
backend = "npm:markdown-toc"

[[tools."npm:markdownlint-cli2"]]
version = "0.22.0"
backend = "npm:markdownlint-cli2"

[[tools."npm:pyright"]]
version = "1.1.408"
backend = "npm:pyright"

[[tools."npm:typescript"]]
version = "6.0.2"
backend = "npm:typescript"

[[tools."npm:typescript-language-server"]]
version = "5.1.3"
backend = "npm:typescript-language-server"

[[tools."npm:vscode-langservers-extracted"]]
version = "4.10.0"
backend = "npm:vscode-langservers-extracted"

[[tools."pipx:ruff"]]
version = "0.15.10"
backend = "pipx:ruff"

[[tools."pipx:sqlfluff"]]
version = "4.1.0"
backend = "pipx:sqlfluff"

[[tools.protobuf]]
version = "34.1"
backend = "aqua:protocolbuffers/protobuf/protoc"

[[tools.protoc-gen-go]]
version = "1.36.11"
backend = "aqua:protocolbuffers/protobuf-go/protoc-gen-go"

[[tools.python]]
version = "3.14.4"
backend = "core:python"

[tools.python."platforms.linux-arm64"]
checksum = "sha256:b8b597fdb2f8dccdc502c11947b60a4b65eb6bce79cfa60c7ccf9b6e8352c60a"
url = "https://github.com/astral-sh/python-build-standalone/releases/download/20260414/cpython-3.14.4+20260414-aarch64-unknown-linux-gnu-install_only_stripped.tar.gz"
provenance = "github-attestations"

[tools.python."platforms.linux-arm64-musl"]
checksum = "sha256:b8b597fdb2f8dccdc502c11947b60a4b65eb6bce79cfa60c7ccf9b6e8352c60a"
url = "https://github.com/astral-sh/python-build-standalone/releases/download/20260414/cpython-3.14.4+20260414-aarch64-unknown-linux-gnu-install_only_stripped.tar.gz"
provenance = "github-attestations"

[tools.python."platforms.linux-x64"]
checksum = "sha256:fe9a9c32d13870af632cbac3dfc7528ae53597e94472aa4c7d6a42e8166136cd"
url = "https://github.com/astral-sh/python-build-standalone/releases/download/20260414/cpython-3.14.4+20260414-x86_64-unknown-linux-gnu-install_only_stripped.tar.gz"
provenance = "github-attestations"

[tools.python."platforms.linux-x64-musl"]
checksum = "sha256:fe9a9c32d13870af632cbac3dfc7528ae53597e94472aa4c7d6a42e8166136cd"
url = "https://github.com/astral-sh/python-build-standalone/releases/download/20260414/cpython-3.14.4+20260414-x86_64-unknown-linux-gnu-install_only_stripped.tar.gz"
provenance = "github-attestations"

[tools.python."platforms.macos-arm64"]
checksum = "sha256:6f304f4ec30854611f23316578302235fb517cd970519ecdd11a8c4db87fd843"
url = "https://github.com/astral-sh/python-build-standalone/releases/download/20260414/cpython-3.14.4+20260414-aarch64-apple-darwin-install_only_stripped.tar.gz"
provenance = "github-attestations"

[tools.python."platforms.macos-x64"]
checksum = "sha256:d51250a32fa5d9f0799c7bcb71720c27b10a3afd4a7de288120f96085d508a5a"
url = "https://github.com/astral-sh/python-build-standalone/releases/download/20260414/cpython-3.14.4+20260414-x86_64-apple-darwin-install_only_stripped.tar.gz"
provenance = "github-attestations"

[tools.python."platforms.windows-x64"]
checksum = "sha256:a976991dcd085c1bb5d9a8084823a6bc8b7f9b079d8c432574a6ddd68c3a6fe1"
url = "https://github.com/astral-sh/python-build-standalone/releases/download/20260414/cpython-3.14.4+20260414-x86_64-pc-windows-msvc-install_only_stripped.tar.gz"
provenance = "github-attestations"

[[tools.rust]]
version = "1.94.1"
backend = "core:rust"

[[tools.shellcheck]]
version = "0.11.0"
backend = "aqua:koalaman/shellcheck"

[[tools.shfmt]]
version = "3.13.1"
backend = "aqua:mvdan/sh"

[[tools.tree-sitter]]
version = "0.26.8"
backend = "aqua:tree-sitter/tree-sitter"

[tools.tree-sitter."platforms.linux-arm64"]
provenance = "github-attestations"

[tools.tree-sitter."platforms.linux-arm64-musl"]
provenance = "github-attestations"

[tools.tree-sitter."platforms.linux-x64"]
provenance = "github-attestations"

[tools.tree-sitter."platforms.linux-x64-musl"]
provenance = "github-attestations"

[tools.tree-sitter."platforms.macos-arm64"]
provenance = "github-attestations"

[tools.tree-sitter."platforms.macos-x64"]
provenance = "github-attestations"

[tools.tree-sitter."platforms.windows-x64"]
provenance = "github-attestations"

[[tools.uv]]
version = "0.11.6"
backend = "aqua:astral-sh/uv"

[tools.uv."platforms.linux-arm64"]
checksum = "sha256:d14ebd6f200047264152daaf97b8bd36c7885a5033e9e8bba8366cb0049c0d00"
url = "https://github.com/astral-sh/uv/releases/download/0.11.6/uv-aarch64-unknown-linux-musl.tar.gz"
provenance = "github-attestations"

[tools.uv."platforms.linux-arm64-musl"]
checksum = "sha256:d14ebd6f200047264152daaf97b8bd36c7885a5033e9e8bba8366cb0049c0d00"
url = "https://github.com/astral-sh/uv/releases/download/0.11.6/uv-aarch64-unknown-linux-musl.tar.gz"
provenance = "github-attestations"

[tools.uv."platforms.linux-x64"]
checksum = "sha256:aa342a53abe42364093506d7704214d2cdca30b916843e520bc67759a5d20132"
url = "https://github.com/astral-sh/uv/releases/download/0.11.6/uv-x86_64-unknown-linux-musl.tar.gz"
provenance = "github-attestations"

[tools.uv."platforms.linux-x64-musl"]
checksum = "sha256:aa342a53abe42364093506d7704214d2cdca30b916843e520bc67759a5d20132"
url = "https://github.com/astral-sh/uv/releases/download/0.11.6/uv-x86_64-unknown-linux-musl.tar.gz"
provenance = "github-attestations"

[tools.uv."platforms.macos-arm64"]
checksum = "sha256:4b69a4e366ec38cd5f305707de95e12951181c448679a00dce2a78868dfc9f5b"
url = "https://github.com/astral-sh/uv/releases/download/0.11.6/uv-aarch64-apple-darwin.tar.gz"
provenance = "github-attestations"

[tools.uv."platforms.macos-x64"]
checksum = "sha256:8e0ed5035eaa28c7c8cd2a46b5b9a05bfff1ef01dbdc090a010eb8fdf193a457"
url = "https://github.com/astral-sh/uv/releases/download/0.11.6/uv-x86_64-apple-darwin.tar.gz"
provenance = "github-attestations"

[tools.uv."platforms.windows-x64"]
checksum = "sha256:99aa60edd017a256dbf378f372d1cff3292dbc6696e0ea01716d9158d773ab77"
url = "https://github.com/astral-sh/uv/releases/download/0.11.6/uv-x86_64-pc-windows-msvc.zip"
provenance = "github-attestations"

[[tools.xh]]
version = "0.25.3"
backend = "aqua:ducaale/xh"
